
Microsoft Visual Studio Solution File, Format Version 12.00
# Visual Studio Version 17
VisualStudioVersion = 17.5.002.0
MinimumVisualStudioVersion = 10.0.40219.1
Project("{9A19103F-16F7-4668-BE54-9A1E7A4F7556}") = "ArraysOperations", "ArraysOperations\ArraysOperations.csproj", "{A734BF53-7A77-4E58-9797-0030B427356F}"
EndProject
Project("{9A19103F-16F7-4668-BE54-9A1E7A4F7556}") = "BooleanExpression", "BooleanExpression\BooleanExpression.csproj", "{00FF9E52-D334-4726-95C9-A24F7BB6E96C}"
EndProject
Project("{9A19103F-16F7-4668-BE54-9A1E7A4F7556}") = "ChooseDataType", "ChooseDataType\ChooseDataType.csproj", "{6822615E-4166-42DF-870D-A970B7A916F5}"
EndProject
Project("{9A19103F-16F7-4668-BE54-9A1E7A4F7556}") = "ConditionalOperator", "ConditionalOperator\ConditionalOperator.csproj", "{4721080A-95B7-4091-ACFB-A3F28A507093}"
EndProject
Project("{9A19103F-16F7-4668-BE54-9A1E7A4F7556}") = "ConvertCast", "ConvertCast\ConvertCast.csproj", "{386BDD31-0BB6-495C-A03A-4C153CA3E88B}"
EndProject
Project("{9A19103F-16F7-4668-BE54-9A1E7A4F7556}") = "DoWhileContinue", "DoWhileContinue\DoWhileContinue.csproj", "{6AA88AD3-4CB2-47C6-AFE4-AC77A9BECEA1}"
EndProject
Project("{9A19103F-16F7-4668-BE54-9A1E7A4F7556}") = "For", "For\For.csproj", "{B384CBE1-8399-4DE4-8513-4FAD49FC9EF3}"
EndProject
Project("{9A19103F-16F7-4668-BE54-9A1E7A4F7556}") = "FormatStrings", "FormatStrings\FormatStrings.csproj", "{F9ACD9F4-DFA2-410D-8620-FE062E866184}"
EndProject
Project("{9A19103F-16F7-4668-BE54-9A1E7A4F7556}") = "ModifyContent", "ModifyContent\ModifyContent.csproj", "{097E4B3D-138A-4F2A-BFD0-EF409A330C0E}"
EndProject
Project("{9A19103F-16F7-4668-BE54-9A1E7A4F7556}") = "SwitchCase", "SwitchCase\SwitchCase.csproj", "{2615FEB4-2A2B-4037-A6EB-724DDF9C8B97}"
EndProject
Project("{9A19103F-16F7-4668-BE54-9A1E7A4F7556}") = "VariableScope", "VariableScope\VariableScope.csproj", "{AB2575EE-FE92-4FCE-8330-DC086D2DCC9D}"
EndProject
Project("{2150E333-8FDC-42A3-9474-1A3956D46DE8}") = "ChallengeProjects", "ChallengeProjects", "{22CFE4B6-A5FC-4662-B34C-ED670E99915C}"
EndProject
Project("{9A19103F-16F7-4668-BE54-9A1E7A4F7556}") = "Starter", "ChallengeProjects\ContosoPets\Starter.csproj", "{EEF23110-FAF4-40E9-A1AA-96158BF66855}"
EndProject
Project("{9A19103F-16F7-4668-BE54-9A1E7A4F7556}") = "ContosoPets-work-variable-data", "ChallengeProjects\ContosoPets-work-variable-data\ContosoPets-work-variable-data.csproj", "{227F594A-1637-473D-90A6-95A7F5987200}"
EndProject
Project("{9A19103F-16F7-4668-BE54-9A1E7A4F7556}") = "Starter (1)", "ChallengeProjects\ReportCards\Starter.csproj", "{E48AD180-EEC1-44A2-B607-5BD33DC28F79}"
EndProject
Global
	GlobalSection(SolutionConfigurationPlatforms) = preSolution
		Debug|Any CPU = Debug|Any CPU
		Release|Any CPU = Release|Any CPU
	EndGlobalSection
	GlobalSection(ProjectConfigurationPlatforms) = postSolution
		{A734BF53-7A77-4E58-9797-0030B427356F}.Debug|Any CPU.ActiveCfg = Debug|Any CPU
		{A734BF53-7A77-4E58-9797-0030B427356F}.Debug|Any CPU.Build.0 = Debug|Any CPU
		{A734BF53-7A77-4E58-9797-0030B427356F}.Release|Any CPU.ActiveCfg = Release|Any CPU
		{A734BF53-7A77-4E58-9797-0030B427356F}.Release|Any CPU.Build.0 = Release|Any CPU
		{00FF9E52-D334-4726-95C9-A24F7BB6E96C}.Debug|Any CPU.ActiveCfg = Debug|Any CPU
		{00FF9E52-D334-4726-95C9-A24F7BB6E96C}.Debug|Any CPU.Build.0 = Debug|Any CPU
		{00FF9E52-D334-4726-95C9-A24F7BB6E96C}.Release|Any CPU.ActiveCfg = Release|Any CPU
		{00FF9E52-D334-4726-95C9-A24F7BB6E96C}.Release|Any CPU.Build.0 = Release|Any CPU
		{6822615E-4166-42DF-870D-A970B7A916F5}.Debug|Any CPU.ActiveCfg = Debug|Any CPU
		{6822615E-4166-42DF-870D-A970B7A916F5}.Debug|Any CPU.Build.0 = Debug|Any CPU
		{6822615E-4166-42DF-870D-A970B7A916F5}.Release|Any CPU.ActiveCfg = Release|Any CPU
		{6822615E-4166-42DF-870D-A970B7A916F5}.Release|Any CPU.Build.0 = Release|Any CPU
		{4721080A-95B7-4091-ACFB-A3F28A507093}.Debug|Any CPU.ActiveCfg = Debug|Any CPU
		{4721080A-95B7-4091-ACFB-A3F28A507093}.Debug|Any CPU.Build.0 = Debug|Any CPU
		{4721080A-95B7-4091-ACFB-A3F28A507093}.Release|Any CPU.ActiveCfg = Release|Any CPU
		{4721080A-95B7-4091-ACFB-A3F28A507093}.Release|Any CPU.Build.0 = Release|Any CPU
		{386BDD31-0BB6-495C-A03A-4C153CA3E88B}.Debug|Any CPU.ActiveCfg = Debug|Any CPU
		{386BDD31-0BB6-495C-A03A-4C153CA3E88B}.Debug|Any CPU.Build.0 = Debug|Any CPU
		{386BDD31-0BB6-495C-A03A-4C153CA3E88B}.Release|Any CPU.ActiveCfg = Release|Any CPU
		{386BDD31-0BB6-495C-A03A-4C153CA3E88B}.Release|Any CPU.Build.0 = Release|Any CPU
		{6AA88AD3-4CB2-47C6-AFE4-AC77A9BECEA1}.Debug|Any CPU.ActiveCfg = Debug|Any CPU
		{6AA88AD3-4CB2-47C6-AFE4-AC77A9BECEA1}.Debug|Any CPU.Build.0 = Debug|Any CPU
		{6AA88AD3-4CB2-47C6-AFE4-AC77A9BECEA1}.Release|Any CPU.ActiveCfg = Release|Any CPU
		{6AA88AD3-4CB2-47C6-AFE4-AC77A9BECEA1}.Release|Any CPU.Build.0 = Release|Any CPU
		{B384CBE1-8399-4DE4-8513-4FAD49FC9EF3}.Debug|Any CPU.ActiveCfg = Debug|Any CPU
		{B384CBE1-8399-4DE4-8513-4FAD49FC9EF3}.Debug|Any CPU.Build.0 = Debug|Any CPU
		{B384CBE1-8399-4DE4-8513-4FAD49FC9EF3}.Release|Any CPU.ActiveCfg = Release|Any CPU
		{B384CBE1-8399-4DE4-8513-4FAD49FC9EF3}.Release|Any CPU.Build.0 = Release|Any CPU
		{F9ACD9F4-DFA2-410D-8620-FE062E866184}.Debug|Any CPU.ActiveCfg = Debug|Any CPU
		{F9ACD9F4-DFA2-410D-8620-FE062E866184}.Debug|Any CPU.Build.0 = Debug|Any CPU
		{F9ACD9F4-DFA2-410D-8620-FE062E866184}.Release|Any CPU.ActiveCfg = Release|Any CPU
		{F9ACD9F4-DFA2-410D-8620-FE062E866184}.Release|Any CPU.Build.0 = Release|Any CPU
		{097E4B3D-138A-4F2A-BFD0-EF409A330C0E}.Debug|Any CPU.ActiveCfg = Debug|Any CPU
		{097E4B3D-138A-4F2A-BFD0-EF409A330C0E}.Debug|Any CPU.Build.0 = Debug|Any CPU
		{097E4B3D-138A-4F2A-BFD0-EF409A330C0E}.Release|Any CPU.ActiveCfg = Release|Any CPU
		{097E4B3D-138A-4F2A-BFD0-EF409A330C0E}.Release|Any CPU.Build.0 = Release|Any CPU
		{2615FEB4-2A2B-4037-A6EB-724DDF9C8B97}.Debug|Any CPU.ActiveCfg = Debug|Any CPU
		{2615FEB4-2A2B-4037-A6EB-724DDF9C8B97}.Debug|Any CPU.Build.0 = Debug|Any CPU
		{2615FEB4-2A2B-4037-A6EB-724DDF9C8B97}.Release|Any CPU.ActiveCfg = Release|Any CPU
		{2615FEB4-2A2B-4037-A6EB-724DDF9C8B97}.Release|Any CPU.Build.0 = Release|Any CPU
		{AB2575EE-FE92-4FCE-8330-DC086D2DCC9D}.Debug|Any CPU.ActiveCfg = Debug|Any CPU
		{AB2575EE-FE92-4FCE-8330-DC086D2DCC9D}.Debug|Any CPU.Build.0 = Debug|Any CPU
		{AB2575EE-FE92-4FCE-8330-DC086D2DCC9D}.Release|Any CPU.ActiveCfg = Release|Any CPU
		{AB2575EE-FE92-4FCE-8330-DC086D2DCC9D}.Release|Any CPU.Build.0 = Release|Any CPU
		{EEF23110-FAF4-40E9-A1AA-96158BF66855}.Debug|Any CPU.ActiveCfg = Debug|Any CPU
		{EEF23110-FAF4-40E9-A1AA-96158BF66855}.Debug|Any CPU.Build.0 = Debug|Any CPU
		{EEF23110-FAF4-40E9-A1AA-96158BF66855}.Release|Any CPU.ActiveCfg = Release|Any CPU
		{EEF23110-FAF4-40E9-A1AA-96158BF66855}.Release|Any CPU.Build.0 = Release|Any CPU
		{227F594A-1637-473D-90A6-95A7F5987200}.Debug|Any CPU.ActiveCfg = Debug|Any CPU
		{227F594A-1637-473D-90A6-95A7F5987200}.Debug|Any CPU.Build.0 = Debug|Any CPU
		{227F594A-1637-473D-90A6-95A7F5987200}.Release|Any CPU.ActiveCfg = Release|Any CPU
		{227F594A-1637-473D-90A6-95A7F5987200}.Release|Any CPU.Build.0 = Release|Any CPU
		{E48AD180-EEC1-44A2-B607-5BD33DC28F79}.Debug|Any CPU.ActiveCfg = Debug|Any CPU
		{E48AD180-EEC1-44A2-B607-5BD33DC28F79}.Debug|Any CPU.Build.0 = Debug|Any CPU
		{E48AD180-EEC1-44A2-B607-5BD33DC28F79}.Release|Any CPU.ActiveCfg = Release|Any CPU
		{E48AD180-EEC1-44A2-B607-5BD33DC28F79}.Release|Any CPU.Build.0 = Release|Any CPU
	EndGlobalSection
	GlobalSection(SolutionProperties) = preSolution
		HideSolutionNode = FALSE
	EndGlobalSection
	GlobalSection(NestedProjects) = preSolution
		{EEF23110-FAF4-40E9-A1AA-96158BF66855} = {22CFE4B6-A5FC-4662-B34C-ED670E99915C}
		{227F594A-1637-473D-90A6-95A7F5987200} = {22CFE4B6-A5FC-4662-B34C-ED670E99915C}
		{E48AD180-EEC1-44A2-B607-5BD33DC28F79} = {22CFE4B6-A5FC-4662-B34C-ED670E99915C}
	EndGlobalSection
	GlobalSection(ExtensibilityGlobals) = postSolution
		SolutionGuid = {A8CDC3C8-C44F-45D6-8032-225FFEFD19EB}
	EndGlobalSection
EndGlobal
