
Microsoft Visual Studio Solution File, Format Version 12.00
# Visual Studio Version 17
VisualStudioVersion = 17.5.002.0
MinimumVisualStudioVersion = 10.0.40219.1
Project("{9A19103F-16F7-4668-BE54-9A1E7A4F7556}") = "ConditionalOperator", "ConditionalOperator.csproj", "{CA37777B-65B2-41A2-8B0E-F87C575FE622}"
EndProject
Global
	GlobalSection(SolutionConfigurationPlatforms) = preSolution
		Debug|Any CPU = Debug|Any CPU
		Release|Any CPU = Release|Any CPU
	EndGlobalSection
	GlobalSection(ProjectConfigurationPlatforms) = postSolution
		{CA37777B-65B2-41A2-8B0E-F87C575FE622}.Debug|Any CPU.ActiveCfg = Debug|Any CPU
		{CA37777B-65B2-41A2-8B0E-F87C575FE622}.Debug|Any CPU.Build.0 = Debug|Any CPU
		{CA37777B-65B2-41A2-8B0E-F87C575FE622}.Release|Any CPU.ActiveCfg = Release|Any CPU
		{CA37777B-65B2-41A2-8B0E-F87C575FE622}.Release|Any CPU.Build.0 = Release|Any CPU
	EndGlobalSection
	GlobalSection(SolutionProperties) = preSolution
		HideSolutionNode = FALSE
	EndGlobalSection
	GlobalSection(ExtensibilityGlobals) = postSolution
		SolutionGuid = {DC3FF744-280E-4619-A444-41951803B4EC}
	EndGlobalSection
EndGlobal
